// !$*UTF8*$!
{
	archiveVersion = 1;
	classes = {
	};
	objectVersion = 63;
	objects = {

/* Begin PBXBuildFile section */
		01714CB540520C2E135D3A37 /* DroneController.swift in Sources */ = {isa = PBXBuildFile; fileRef = 7546F128913D1B268FAB3C47 /* DroneController.swift */; };
		15EB57F04DD84732416A3A44 /* VoiceCommandController.swift in Sources */ = {isa = PBXBuildFile; fileRef = 41BC8AAFCB8DC0AB222FA89C /* VoiceCommandController.swift */; };
		2578611AC11D69910B51C3B6 /* VideoFeedCapture.swift in Sources */ = {isa = PBXBuildFile; fileRef = 73B243CE7D00F407031CB7CD /* VideoFeedCapture.swift */; };
		6033BE4C8F975DB9A4B15D69 /* PhotoDownloader.swift in Sources */ = {isa = PBXBuildFile; fileRef = 273ED15794DEF546E35CF47F /* PhotoDownloader.swift */; };
		99067B09AB0E54B8C489DEBD /* LaunchScreen.storyboard in Resources */ = {isa = PBXBuildFile; fileRef = BDA6852685CAB0B29B0A2C74 /* LaunchScreen.storyboard */; };
		9F1E00B17B07A05EF2951142 /* StabilizationAgent.swift in Sources */ = {isa = PBXBuildFile; fileRef = 1B3B49B3C3C956D61D25C599 /* StabilizationAgent.swift */; };
		A4EF6CB6AA1EA37F320BDE45 /* PeerStreamService.swift in Sources */ = {isa = PBXBuildFile; fileRef = 1CD487FF94372341DD8EB239 /* PeerStreamService.swift */; };
		D3F6F7D9F01056987AD8D381 /* AppDelegate.swift in Sources */ = {isa = PBXBuildFile; fileRef = BDD42458E205CC7A0C3DCEEB /* AppDelegate.swift */; };
		D71D07F0875CA9770AC2DEC1 /* LLMIntentResolver.swift in Sources */ = {isa = PBXBuildFile; fileRef = D92FBA8808D20587E27A7625 /* LLMIntentResolver.swift */; };
		DF9FD048294F986F11939346 /* Pods_SparkController.framework in Frameworks */ = {isa = PBXBuildFile; fileRef = 1752471704F6D5522DF24219 /* Pods_SparkController.framework */; };
		E13800FEC00F7A9AA6874917 /* FlightDataRecorder.swift in Sources */ = {isa = PBXBuildFile; fileRef = 1F1324B4160AA1244C387B85 /* FlightDataRecorder.swift */; };
		F0EE38984E2FE9E80D643658 /* DroneIntent.swift in Sources */ = {isa = PBXBuildFile; fileRef = 83745699D3AA61CBE8590605 /* DroneIntent.swift */; };
		F92A165BA9D0842863A9FF55 /* MainViewController.swift in Sources */ = {isa = PBXBuildFile; fileRef = 869888A0EABA0DC95C710BC5 /* MainViewController.swift */; };
/* End PBXBuildFile section */

/* Begin PBXFileReference section */
		10B5E138106662BE593FCC2B /* SparkController.app */ = {isa = PBXFileReference; explicitFileType = wrapper.application; includeInIndex = 0; path = SparkController.app; sourceTree = BUILT_PRODUCTS_DIR; };
		1752471704F6D5522DF24219 /* Pods_SparkController.framework */ = {isa = PBXFileReference; explicitFileType = wrapper.framework; includeInIndex = 0; path = Pods_SparkController.framework; sourceTree = BUILT_PRODUCTS_DIR; };
		1B3B49B3C3C956D61D25C599 /* StabilizationAgent.swift */ = {isa = PBXFileReference; lastKnownFileType = sourcecode.swift; path = StabilizationAgent.swift; sourceTree = "<group>"; };
		1CD487FF94372341DD8EB239 /* PeerStreamService.swift */ = {isa = PBXFileReference; lastKnownFileType = sourcecode.swift; path = PeerStreamService.swift; sourceTree = "<group>"; };
		1F1324B4160AA1244C387B85 /* FlightDataRecorder.swift */ = {isa = PBXFileReference; lastKnownFileType = sourcecode.swift; path = FlightDataRecorder.swift; sourceTree = "<group>"; };
		273ED15794DEF546E35CF47F /* PhotoDownloader.swift */ = {isa = PBXFileReference; lastKnownFileType = sourcecode.swift; path = PhotoDownloader.swift; sourceTree = "<group>"; };
		3079A1AB7EB6C728B6BF58D2 /* Pods-SparkController.debug.xcconfig */ = {isa = PBXFileReference; includeInIndex = 1; lastKnownFileType = text.xcconfig; name = "Pods-SparkController.debug.xcconfig"; path = "Target Support Files/Pods-SparkController/Pods-SparkController.debug.xcconfig"; sourceTree = "<group>"; };
		41BC8AAFCB8DC0AB222FA89C /* VoiceCommandController.swift */ = {isa = PBXFileReference; lastKnownFileType = sourcecode.swift; path = VoiceCommandController.swift; sourceTree = "<group>"; };
		6FC6C62319B7332B80661B6A /* Pods-SparkController.release.xcconfig */ = {isa = PBXFileReference; includeInIndex = 1; lastKnownFileType = text.xcconfig; name = "Pods-SparkController.release.xcconfig"; path = "Target Support Files/Pods-SparkController/Pods-SparkController.release.xcconfig"; sourceTree = "<group>"; };
		711A2BC0AE8F82081F2BC360 /* Info.plist */ = {isa = PBXFileReference; lastKnownFileType = text.plist; path = Info.plist; sourceTree = "<group>"; };
		73B243CE7D00F407031CB7CD /* VideoFeedCapture.swift */ = {isa = PBXFileReference; lastKnownFileType = sourcecode.swift; path = VideoFeedCapture.swift; sourceTree = "<group>"; };
		7546F128913D1B268FAB3C47 /* DroneController.swift */ = {isa = PBXFileReference; lastKnownFileType = sourcecode.swift; path = DroneController.swift; sourceTree = "<group>"; };
		83745699D3AA61CBE8590605 /* DroneIntent.swift */ = {isa = PBXFileReference; lastKnownFileType = sourcecode.swift; path = DroneIntent.swift; sourceTree = "<group>"; };
		869888A0EABA0DC95C710BC5 /* MainViewController.swift */ = {isa = PBXFileReference; lastKnownFileType = sourcecode.swift; path = MainViewController.swift; sourceTree = "<group>"; };
		BDA6852685CAB0B29B0A2C74 /* LaunchScreen.storyboard */ = {isa = PBXFileReference; lastKnownFileType = file.storyboard; path = LaunchScreen.storyboard; sourceTree = "<group>"; };
		BDD42458E205CC7A0C3DCEEB /* AppDelegate.swift */ = {isa = PBXFileReference; lastKnownFileType = sourcecode.swift; path = AppDelegate.swift; sourceTree = "<group>"; };
		D92FBA8808D20587E27A7625 /* LLMIntentResolver.swift */ = {isa = PBXFileReference; lastKnownFileType = sourcecode.swift; path = LLMIntentResolver.swift; sourceTree = "<group>"; };
/* End PBXFileReference section */

/* Begin PBXFrameworksBuildPhase section */
		EFAC3CB864918B34B5F17E99 /* Frameworks */ = {
			isa = PBXFrameworksBuildPhase;
			buildActionMask = 2147483647;
			files = (
				DF9FD048294F986F11939346 /* Pods_SparkController.framework in Frameworks */,
			);
			runOnlyForDeploymentPostprocessing = 0;
		};
/* End PBXFrameworksBuildPhase section */

/* Begin PBXGroup section */
		103E019FF8ECB1A78C1FA555 /* Frameworks */ = {
			isa = PBXGroup;
			children = (
				1752471704F6D5522DF24219 /* Pods_SparkController.framework */,
			);
			name = Frameworks;
			sourceTree = "<group>";
		};
		8EE1DFD6117CFC01286B090F /* Products */ = {
			isa = PBXGroup;
			children = (
				10B5E138106662BE593FCC2B /* SparkController.app */,
			);
			name = Products;
			sourceTree = "<group>";
		};
		995CD1A5B8DA2DC72229F1E9 = {
			isa = PBXGroup;
			children = (
				CB3102FAC5512B658100C4D8 /* SparkController */,
				8EE1DFD6117CFC01286B090F /* Products */,
				C01D97C03465CF7519875464 /* Pods */,
				103E019FF8ECB1A78C1FA555 /* Frameworks */,
			);
			sourceTree = "<group>";
		};
		C01D97C03465CF7519875464 /* Pods */ = {
			isa = PBXGroup;
			children = (
				3079A1AB7EB6C728B6BF58D2 /* Pods-SparkController.debug.xcconfig */,
				6FC6C62319B7332B80661B6A /* Pods-SparkController.release.xcconfig */,
			);
			name = Pods;
			path = Pods;
			sourceTree = "<group>";
		};
		CB3102FAC5512B658100C4D8 /* SparkController */ = {
			isa = PBXGroup;
			children = (
				BDD42458E205CC7A0C3DCEEB /* AppDelegate.swift */,
				7546F128913D1B268FAB3C47 /* DroneController.swift */,
				83745699D3AA61CBE8590605 /* DroneIntent.swift */,
				1F1324B4160AA1244C387B85 /* FlightDataRecorder.swift */,
				711A2BC0AE8F82081F2BC360 /* Info.plist */,
				BDA6852685CAB0B29B0A2C74 /* LaunchScreen.storyboard */,
				D92FBA8808D20587E27A7625 /* LLMIntentResolver.swift */,
				869888A0EABA0DC95C710BC5 /* MainViewController.swift */,
				1CD487FF94372341DD8EB239 /* PeerStreamService.swift */,
				273ED15794DEF546E35CF47F /* PhotoDownloader.swift */,
				1B3B49B3C3C956D61D25C599 /* StabilizationAgent.swift */,
				73B243CE7D00F407031CB7CD /* VideoFeedCapture.swift */,
				41BC8AAFCB8DC0AB222FA89C /* VoiceCommandController.swift */,
			);
			path = SparkController;
			sourceTree = "<group>";
		};
/* End PBXGroup section */

/* Begin PBXNativeTarget section */
		A443BFED6A310C406CAC87C9 /* SparkController */ = {
			isa = PBXNativeTarget;
			buildConfigurationList = 1CC3F829A3620DF7B21BA6AF /* Build configuration list for PBXNativeTarget "SparkController" */;
			buildPhases = (
				C71F9F9B0206C27CD97D5763 /* [CP] Check Pods Manifest.lock */,
				BD29BD68156132F5CCFA709B /* Sources */,
				797A79E27B4AFDEB5EA4F755 /* Resources */,
				EFAC3CB864918B34B5F17E99 /* Frameworks */,
				D98C655623DE7E85298448CA /* [CP] Embed Pods Frameworks */,
				B5A7709F387FE757DAFF2FBF /* [CP] Copy Pods Resources */,
			);
			buildRules = (
			);
			dependencies = (
			);
			name = SparkController;
			productName = SparkController;
			productReference = 10B5E138106662BE593FCC2B /* SparkController.app */;
			productType = "com.apple.product-type.application";
		};
/* End PBXNativeTarget section */

/* Begin PBXProject section */
		7A808CCA9FCEEBE4B7470F8F /* Project object */ = {
			isa = PBXProject;
			attributes = {
				BuildIndependentTargetsInParallel = YES;
				LastUpgradeCheck = 1430;
				TargetAttributes = {
					A443BFED6A310C406CAC87C9 = {
						ProvisioningStyle = Automatic;
					};
				};
			};
			buildConfigurationList = 3DA053138B0C295650CE3DDA /* Build configuration list for PBXProject "SparkController" */;
			compatibilityVersion = "Xcode 14.0";
			developmentRegion = en;
			hasScannedForEncodings = 0;
			knownRegions = (
				Base,
				en,
			);
			mainGroup = 995CD1A5B8DA2DC72229F1E9;
			minimizedProjectReferenceProxies = 1;
			productRefGroup = 8EE1DFD6117CFC01286B090F /* Products */;
			projectDirPath = "";
			projectRoot = "";
			targets = (
				A443BFED6A310C406CAC87C9 /* SparkController */,
			);
		};
/* End PBXProject section */

/* Begin PBXResourcesBuildPhase section */
		797A79E27B4AFDEB5EA4F755 /* Resources */ = {
			isa = PBXResourcesBuildPhase;
			buildActionMask = 2147483647;
			files = (
				99067B09AB0E54B8C489DEBD /* LaunchScreen.storyboard in Resources */,
			);
			runOnlyForDeploymentPostprocessing = 0;
		};
/* End PBXResourcesBuildPhase section */

/* Begin PBXShellScriptBuildPhase section */
		B5A7709F387FE757DAFF2FBF /* [CP] Copy Pods Resources */ = {
			isa = PBXShellScriptBuildPhase;
			buildActionMask = 2147483647;
			files = (
			);
			inputFileListPaths = (
				"${PODS_ROOT}/Target Support Files/Pods-SparkController/Pods-SparkController-resources-${CONFIGURATION}-input-files.xcfilelist",
			);
			name = "[CP] Copy Pods Resources";
			outputFileListPaths = (
				"${PODS_ROOT}/Target Support Files/Pods-SparkController/Pods-SparkController-resources-${CONFIGURATION}-output-files.xcfilelist",
			);
			runOnlyForDeploymentPostprocessing = 0;
			shellPath = /bin/sh;
			shellScript = "\"${PODS_ROOT}/Target Support Files/Pods-SparkController/Pods-SparkController-resources.sh\"\n";
			showEnvVarsInLog = 0;
		};
		C71F9F9B0206C27CD97D5763 /* [CP] Check Pods Manifest.lock */ = {
			isa = PBXShellScriptBuildPhase;
			buildActionMask = 2147483647;
			files = (
			);
			inputFileListPaths = (
			);
			inputPaths = (
				"${PODS_PODFILE_DIR_PATH}/Podfile.lock",
				"${PODS_ROOT}/Manifest.lock",
			);
			name = "[CP] Check Pods Manifest.lock";
			outputFileListPaths = (
			);
			outputPaths = (
				"$(DERIVED_FILE_DIR)/Pods-SparkController-checkManifestLockResult.txt",
			);
			runOnlyForDeploymentPostprocessing = 0;
			shellPath = /bin/sh;
			shellScript = "diff \"${PODS_PODFILE_DIR_PATH}/Podfile.lock\" \"${PODS_ROOT}/Manifest.lock\" > /dev/null\nif [ $? != 0 ] ; then\n    # print error to STDERR\n    echo \"error: The sandbox is not in sync with the Podfile.lock. Run 'pod install' or update your CocoaPods installation.\" >&2\n    exit 1\nfi\n# This output is used by Xcode 'outputs' to avoid re-running this script phase.\necho \"SUCCESS\" > \"${SCRIPT_OUTPUT_FILE_0}\"\n";
			showEnvVarsInLog = 0;
		};
		D98C655623DE7E85298448CA /* [CP] Embed Pods Frameworks */ = {
			isa = PBXShellScriptBuildPhase;
			buildActionMask = 2147483647;
			files = (
			);
			inputFileListPaths = (
				"${PODS_ROOT}/Target Support Files/Pods-SparkController/Pods-SparkController-frameworks-${CONFIGURATION}-input-files.xcfilelist",
			);
			name = "[CP] Embed Pods Frameworks";
			outputFileListPaths = (
				"${PODS_ROOT}/Target Support Files/Pods-SparkController/Pods-SparkController-frameworks-${CONFIGURATION}-output-files.xcfilelist",
			);
			runOnlyForDeploymentPostprocessing = 0;
			shellPath = /bin/sh;
			shellScript = "\"${PODS_ROOT}/Target Support Files/Pods-SparkController/Pods-SparkController-frameworks.sh\"\n";
			showEnvVarsInLog = 0;
		};
/* End PBXShellScriptBuildPhase section */

/* Begin PBXSourcesBuildPhase section */
		BD29BD68156132F5CCFA709B /* Sources */ = {
			isa = PBXSourcesBuildPhase;
			buildActionMask = 2147483647;
			files = (
				D3F6F7D9F01056987AD8D381 /* AppDelegate.swift in Sources */,
				01714CB540520C2E135D3A37 /* DroneController.swift in Sources */,
				F0EE38984E2FE9E80D643658 /* DroneIntent.swift in Sources */,
				E13800FEC00F7A9AA6874917 /* FlightDataRecorder.swift in Sources */,
				D71D07F0875CA9770AC2DEC1 /* LLMIntentResolver.swift in Sources */,
				F92A165BA9D0842863A9FF55 /* MainViewController.swift in Sources */,
				A4EF6CB6AA1EA37F320BDE45 /* PeerStreamService.swift in Sources */,
				6033BE4C8F975DB9A4B15D69 /* PhotoDownloader.swift in Sources */,
				9F1E00B17B07A05EF2951142 /* StabilizationAgent.swift in Sources */,
				2578611AC11D69910B51C3B6 /* VideoFeedCapture.swift in Sources */,
				15EB57F04DD84732416A3A44 /* VoiceCommandController.swift in Sources */,
			);
			runOnlyForDeploymentPostprocessing = 0;
		};
/* End PBXSourcesBuildPhase section */

/* Begin XCBuildConfiguration section */
		07D7243EFAE540158587F9A8 /* Release */ = {
			isa = XCBuildConfiguration;
			buildSettings = {
				ALWAYS_SEARCH_USER_PATHS = NO;
				CLANG_ANALYZER_NONNULL = YES;
				CLANG_ANALYZER_NUMBER_OBJECT_CONVERSION = YES_AGGRESSIVE;
				CLANG_CXX_LANGUAGE_STANDARD = "gnu++14";
				CLANG_CXX_LIBRARY = "libc++";
				CLANG_ENABLE_MODULES = YES;
				CLANG_ENABLE_OBJC_ARC = YES;
				CLANG_ENABLE_OBJC_WEAK = YES;
				CLANG_WARN_BLOCK_CAPTURE_AUTORELEASING = YES;
				CLANG_WARN_BOOL_CONVERSION = YES;
				CLANG_WARN_COMMA = YES;
				CLANG_WARN_CONSTANT_CONVERSION = YES;
				CLANG_WARN_DEPRECATED_OBJC_IMPLEMENTATIONS = YES;
				CLANG_WARN_DIRECT_OBJC_ISA_USAGE = YES_ERROR;
				CLANG_WARN_DOCUMENTATION_COMMENTS = YES;
				CLANG_WARN_EMPTY_BODY = YES;
				CLANG_WARN_ENUM_CONVERSION = YES;
				CLANG_WARN_INFINITE_RECURSION = YES;
				CLANG_WARN_INT_CONVERSION = YES;
				CLANG_WARN_NON_LITERAL_NULL_CONVERSION = YES;
				CLANG_WARN_OBJC_IMPLICIT_RETAIN_SELF = YES;
				CLANG_WARN_OBJC_LITERAL_CONVERSION = YES;
				CLANG_WARN_OBJC_ROOT_CLASS = YES_ERROR;
				CLANG_WARN_QUOTED_INCLUDE_IN_FRAMEWORK_HEADER = YES;
				CLANG_WARN_RANGE_LOOP_ANALYSIS = YES;
				CLANG_WARN_STRICT_PROTOTYPES = YES;
				CLANG_WARN_SUSPICIOUS_MOVE = YES;
				CLANG_WARN_UNGUARDED_AVAILABILITY = YES_AGGRESSIVE;
				CLANG_WARN_UNREACHABLE_CODE = YES;
				CLANG_WARN__DUPLICATE_METHOD_MATCH = YES;
				COPY_PHASE_STRIP = NO;
				DEBUG_INFORMATION_FORMAT = "dwarf-with-dsym";
				ENABLE_NS_ASSERTIONS = NO;
				ENABLE_STRICT_OBJC_MSGSEND = YES;
				GCC_C_LANGUAGE_STANDARD = gnu11;
				GCC_NO_COMMON_BLOCKS = YES;
				GCC_WARN_64_TO_32_BIT_CONVERSION = YES;
				GCC_WARN_ABOUT_RETURN_TYPE = YES_ERROR;
				GCC_WARN_UNDECLARED_SELECTOR = YES;
				GCC_WARN_UNINITIALIZED_AUTOS = YES_AGGRESSIVE;
				GCC_WARN_UNUSED_FUNCTION = YES;
				GCC_WARN_UNUSED_VARIABLE = YES;
				IPHONEOS_DEPLOYMENT_TARGET = 15.0;
				MTL_ENABLE_DEBUG_INFO = NO;
				MTL_FAST_MATH = YES;
				PRODUCT_NAME = "$(TARGET_NAME)";
				SDKROOT = iphoneos;
				SWIFT_COMPILATION_MODE = wholemodule;
				SWIFT_OPTIMIZATION_LEVEL = "-O";
				SWIFT_VERSION = 5.0;
			};
			name = Release;
		};
		28BDC1657983DBF4A4F31037 /* Debug */ = {
			isa = XCBuildConfiguration;
			buildSettings = {
				ALWAYS_SEARCH_USER_PATHS = NO;
				CLANG_ANALYZER_NONNULL = YES;
				CLANG_ANALYZER_NUMBER_OBJECT_CONVERSION = YES_AGGRESSIVE;
				CLANG_CXX_LANGUAGE_STANDARD = "gnu++14";
				CLANG_CXX_LIBRARY = "libc++";
				CLANG_ENABLE_MODULES = YES;
				CLANG_ENABLE_OBJC_ARC = YES;
				CLANG_ENABLE_OBJC_WEAK = YES;
				CLANG_WARN_BLOCK_CAPTURE_AUTORELEASING = YES;
				CLANG_WARN_BOOL_CONVERSION = YES;
				CLANG_WARN_COMMA = YES;
				CLANG_WARN_CONSTANT_CONVERSION = YES;
				CLANG_WARN_DEPRECATED_OBJC_IMPLEMENTATIONS = YES;
				CLANG_WARN_DIRECT_OBJC_ISA_USAGE = YES_ERROR;
				CLANG_WARN_DOCUMENTATION_COMMENTS = YES;
				CLANG_WARN_EMPTY_BODY = YES;
				CLANG_WARN_ENUM_CONVERSION = YES;
				CLANG_WARN_INFINITE_RECURSION = YES;
				CLANG_WARN_INT_CONVERSION = YES;
				CLANG_WARN_NON_LITERAL_NULL_CONVERSION = YES;
				CLANG_WARN_OBJC_IMPLICIT_RETAIN_SELF = YES;
				CLANG_WARN_OBJC_LITERAL_CONVERSION = YES;
				CLANG_WARN_OBJC_ROOT_CLASS = YES_ERROR;
				CLANG_WARN_QUOTED_INCLUDE_IN_FRAMEWORK_HEADER = YES;
				CLANG_WARN_RANGE_LOOP_ANALYSIS = YES;
				CLANG_WARN_STRICT_PROTOTYPES = YES;
				CLANG_WARN_SUSPICIOUS_MOVE = YES;
				CLANG_WARN_UNGUARDED_AVAILABILITY = YES_AGGRESSIVE;
				CLANG_WARN_UNREACHABLE_CODE = YES;
				CLANG_WARN__DUPLICATE_METHOD_MATCH = YES;
				COPY_PHASE_STRIP = NO;
				DEBUG_INFORMATION_FORMAT = dwarf;
				ENABLE_STRICT_OBJC_MSGSEND = YES;
				ENABLE_TESTABILITY = YES;
				GCC_C_LANGUAGE_STANDARD = gnu11;
				GCC_DYNAMIC_NO_PIC = NO;
				GCC_NO_COMMON_BLOCKS = YES;
				GCC_OPTIMIZATION_LEVEL = 0;
				GCC_PREPROCESSOR_DEFINITIONS = (
					"$(inherited)",
					"DEBUG=1",
				);
				GCC_WARN_64_TO_32_BIT_CONVERSION = YES;
				GCC_WARN_ABOUT_RETURN_TYPE = YES_ERROR;
				GCC_WARN_UNDECLARED_SELECTOR = YES;
				GCC_WARN_UNINITIALIZED_AUTOS = YES_AGGRESSIVE;
				GCC_WARN_UNUSED_FUNCTION = YES;
				GCC_WARN_UNUSED_VARIABLE = YES;
				IPHONEOS_DEPLOYMENT_TARGET = 15.0;
				MTL_ENABLE_DEBUG_INFO = INCLUDE_SOURCE;
				MTL_FAST_MATH = YES;
				ONLY_ACTIVE_ARCH = YES;
				PRODUCT_NAME = "$(TARGET_NAME)";
				SDKROOT = iphoneos;
				SWIFT_ACTIVE_COMPILATION_CONDITIONS = DEBUG;
				SWIFT_OPTIMIZATION_LEVEL = "-Onone";
				SWIFT_VERSION = 5.0;
			};
			name = Debug;
		};
		33E5E82EDF8FB841889DD460 /* Debug */ = {
			isa = XCBuildConfiguration;
			baseConfigurationReference = 3079A1AB7EB6C728B6BF58D2 /* Pods-SparkController.debug.xcconfig */;
			buildSettings = {
				ASSETCATALOG_COMPILER_APPICON_NAME = AppIcon;
				CODE_SIGN_IDENTITY = "iPhone Developer";
				CODE_SIGN_STYLE = Automatic;
				DEVELOPMENT_TEAM = ZKNKJTY69F;
				ENABLE_BITCODE = NO;
				INFOPLIST_FILE = SparkController/Info.plist;
				LD_RUNPATH_SEARCH_PATHS = (
					"$(inherited)",
					"@executable_path/Frameworks",
				);
				PRODUCT_BUNDLE_IDENTIFIER = com.yourcompany.SparkController;
				SDKROOT = iphoneos;
				TARGETED_DEVICE_FAMILY = "1,2";
			};
			name = Debug;
		};
		DD33710CB1F6F94E6D028C70 /* Release */ = {
			isa = XCBuildConfiguration;
			baseConfigurationReference = 6FC6C62319B7332B80661B6A /* Pods-SparkController.release.xcconfig */;
			buildSettings = {
				ASSETCATALOG_COMPILER_APPICON_NAME = AppIcon;
				CODE_SIGN_IDENTITY = "iPhone Developer";
				CODE_SIGN_STYLE = Automatic;
				DEVELOPMENT_TEAM = ZKNKJTY69F;
				ENABLE_BITCODE = NO;
				INFOPLIST_FILE = SparkController/Info.plist;
				LD_RUNPATH_SEARCH_PATHS = (
					"$(inherited)",
					"@executable_path/Frameworks",
				);
				PRODUCT_BUNDLE_IDENTIFIER = com.yourcompany.SparkController;
				SDKROOT = iphoneos;
				TARGETED_DEVICE_FAMILY = "1,2";
			};
			name = Release;
		};
/* End XCBuildConfiguration section */

/* Begin XCConfigurationList section */
		1CC3F829A3620DF7B21BA6AF /* Build configuration list for PBXNativeTarget "SparkController" */ = {
			isa = XCConfigurationList;
			buildConfigurations = (
				33E5E82EDF8FB841889DD460 /* Debug */,
				DD33710CB1F6F94E6D028C70 /* Release */,
			);
			defaultConfigurationIsVisible = 0;
			defaultConfigurationName = Debug;
		};
		3DA053138B0C295650CE3DDA /* Build configuration list for PBXProject "SparkController" */ = {
			isa = XCConfigurationList;
			buildConfigurations = (
				28BDC1657983DBF4A4F31037 /* Debug */,
				07D7243EFAE540158587F9A8 /* Release */,
			);
			defaultConfigurationIsVisible = 0;
			defaultConfigurationName = Debug;
		};
/* End XCConfigurationList section */
	};
	rootObject = 7A808CCA9FCEEBE4B7470F8F /* Project object */;
}
